
Microsoft Visual Studio Solution File, Format Version 12.00
# Visual Studio Version 17
VisualStudioVersion = 17.14.36429.23 d17.14
MinimumVisualStudioVersion = 10.0.40219.1
Project("{2150E333-8FDC-42A3-9474-1A3956D46DE8}") = "Task0", "Task0", "{36D591C7-65C7-A0D1-1CBC-10CDE441BDC8}"
EndProject
Project("{FAE04EC0-301F-11D3-BF4B-00C04F79EFBC}") = "Tyuiu.TsvetkovRA.Sprint5.Task0.V16", "Tyuiu.TsvetkovRA.Sprint5.Task0.V16\Tyuiu.TsvetkovRA.Sprint5.Task0.V16.csproj", "{E37F8527-80F8-4FAE-BFC0-BFA48924DBB8}"
EndProject
Project("{FAE04EC0-301F-11D3-BF4B-00C04F79EFBC}") = "Tyuiu.TsvetkovRA.Sprint5.Task0.V16.Test", "Tyuiu.TsvetkovRA.Sprint5.Task0.V16.Test\Tyuiu.TsvetkovRA.Sprint5.Task0.V16.Test.csproj", "{05597C7F-A071-45D1-B235-CC8A0A4A8B5C}"
EndProject
Project("{FAE04EC0-301F-11D3-BF4B-00C04F79EFBC}") = "Tyuiu.TsvetkovRA.Sprint5.Task0.V16.Lib", "Tyuiu.TsvetkovRA.Sprint5.Task0.V16.Lib\Tyuiu.TsvetkovRA.Sprint5.Task0.V16.Lib.csproj", "{55084E53-0A9E-4D38-AE5D-01B1373EAA12}"
EndProject
Global
	GlobalSection(SolutionConfigurationPlatforms) = preSolution
		Debug|Any CPU = Debug|Any CPU
		Release|Any CPU = Release|Any CPU
	EndGlobalSection
	GlobalSection(ProjectConfigurationPlatforms) = postSolution
		{E37F8527-80F8-4FAE-BFC0-BFA48924DBB8}.Debug|Any CPU.ActiveCfg = Debug|Any CPU
		{E37F8527-80F8-4FAE-BFC0-BFA48924DBB8}.Debug|Any CPU.Build.0 = Debug|Any CPU
		{E37F8527-80F8-4FAE-BFC0-BFA48924DBB8}.Release|Any CPU.ActiveCfg = Release|Any CPU
		{E37F8527-80F8-4FAE-BFC0-BFA48924DBB8}.Release|Any CPU.Build.0 = Release|Any CPU
		{05597C7F-A071-45D1-B235-CC8A0A4A8B5C}.Debug|Any CPU.ActiveCfg = Debug|Any CPU
		{05597C7F-A071-45D1-B235-CC8A0A4A8B5C}.Debug|Any CPU.Build.0 = Debug|Any CPU
		{05597C7F-A071-45D1-B235-CC8A0A4A8B5C}.Release|Any CPU.ActiveCfg = Release|Any CPU
		{05597C7F-A071-45D1-B235-CC8A0A4A8B5C}.Release|Any CPU.Build.0 = Release|Any CPU
		{55084E53-0A9E-4D38-AE5D-01B1373EAA12}.Debug|Any CPU.ActiveCfg = Debug|Any CPU
		{55084E53-0A9E-4D38-AE5D-01B1373EAA12}.Debug|Any CPU.Build.0 = Debug|Any CPU
		{55084E53-0A9E-4D38-AE5D-01B1373EAA12}.Release|Any CPU.ActiveCfg = Release|Any CPU
		{55084E53-0A9E-4D38-AE5D-01B1373EAA12}.Release|Any CPU.Build.0 = Release|Any CPU
	EndGlobalSection
	GlobalSection(SolutionProperties) = preSolution
		HideSolutionNode = FALSE
	EndGlobalSection
	GlobalSection(NestedProjects) = preSolution
		{E37F8527-80F8-4FAE-BFC0-BFA48924DBB8} = {36D591C7-65C7-A0D1-1CBC-10CDE441BDC8}
		{05597C7F-A071-45D1-B235-CC8A0A4A8B5C} = {36D591C7-65C7-A0D1-1CBC-10CDE441BDC8}
		{55084E53-0A9E-4D38-AE5D-01B1373EAA12} = {36D591C7-65C7-A0D1-1CBC-10CDE441BDC8}
	EndGlobalSection
	GlobalSection(ExtensibilityGlobals) = postSolution
		SolutionGuid = {B6206A03-A518-4068-B95E-9D554B769B6A}
	EndGlobalSection
EndGlobal
