
Microsoft Visual Studio Solution File, Format Version 12.00
# Visual Studio Version 17
VisualStudioVersion = 17.14.36429.23 d17.14
MinimumVisualStudioVersion = 10.0.40219.1
Project("{2150E333-8FDC-42A3-9474-1A3956D46DE8}") = "Task0", "Task0", "{36D591C7-65C7-A0D1-1CBC-10CDE441BDC8}"
EndProject
Project("{FAE04EC0-301F-11D3-BF4B-00C04F79EFBC}") = "Tyuiu.TsvetkovRA.Sprint5.Task0.V16", "Tyuiu.TsvetkovRA.Sprint5.Task0.V16\Tyuiu.TsvetkovRA.Sprint5.Task0.V16.csproj", "{E37F8527-80F8-4FAE-BFC0-BFA48924DBB8}"
EndProject
Project("{FAE04EC0-301F-11D3-BF4B-00C04F79EFBC}") = "Tyuiu.TsvetkovRA.Sprint5.Task0.V16.Test", "Tyuiu.TsvetkovRA.Sprint5.Task0.V16.Test\Tyuiu.TsvetkovRA.Sprint5.Task0.V16.Test.csproj", "{05597C7F-A071-45D1-B235-CC8A0A4A8B5C}"
EndProject
Project("{FAE04EC0-301F-11D3-BF4B-00C04F79EFBC}") = "Tyuiu.TsvetkovRA.Sprint5.Task0.V16.Lib", "Tyuiu.TsvetkovRA.Sprint5.Task0.V16.Lib\Tyuiu.TsvetkovRA.Sprint5.Task0.V16.Lib.csproj", "{55084E53-0A9E-4D38-AE5D-01B1373EAA12}"
EndProject
Project("{2150E333-8FDC-42A3-9474-1A3956D46DE8}") = "Task1", "Task1", "{72E25D90-FB47-460B-8EA6-D0AB4FE2FAD4}"
EndProject
Project("{FAE04EC0-301F-11D3-BF4B-00C04F79EFBC}") = "Tyuiu.TsvetkovRA.Sprint5.Task1.V4", "Tyuiu.TsvetkovRA.Sprint5.Task1.V4\Tyuiu.TsvetkovRA.Sprint5.Task1.V4.csproj", "{C28B43AD-A9DE-424F-812C-8A3061CD8055}"
EndProject
Project("{FAE04EC0-301F-11D3-BF4B-00C04F79EFBC}") = "Tyuiu.TsvetkovRA.Sprint5.Task1.V4.Lib", "Tyuiu.TsvetkovRA.Sprint5.Task1.V4.Lib\Tyuiu.TsvetkovRA.Sprint5.Task1.V4.Lib.csproj", "{3109F5CF-989C-48DD-A89C-C7989D277F20}"
EndProject
Project("{FAE04EC0-301F-11D3-BF4B-00C04F79EFBC}") = "Tyuiu.TsvetkovRA.Sprint5.Task1.V4.Test", "Tyuiu.TsvetkovRA.Sprint5.Task1.V4.Test\Tyuiu.TsvetkovRA.Sprint5.Task1.V4.Test.csproj", "{B6350494-7E62-4F17-89BE-5964F5F4652F}"
EndProject
Project("{2150E333-8FDC-42A3-9474-1A3956D46DE8}") = "Task2", "Task2", "{8FC180A4-8F2A-485F-B2FA-F768A96A6FCD}"
EndProject
Project("{FAE04EC0-301F-11D3-BF4B-00C04F79EFBC}") = "Tyuiu.TsvetkovRA.Sprint5.Task2.V25", "Tyuiu.TsvetkovRA.Sprint5.Task2.V25\Tyuiu.TsvetkovRA.Sprint5.Task2.V25.csproj", "{9AD72DCF-6096-4CC2-B724-602435859A55}"
EndProject
Project("{FAE04EC0-301F-11D3-BF4B-00C04F79EFBC}") = "Tyuiu.TsvetkovRA.Sprint5.Task2.V25.Test", "Tyuiu.TsvetkovRA.Sprint5.Task2.V25.Test\Tyuiu.TsvetkovRA.Sprint5.Task2.V25.Test.csproj", "{173D375E-EDC9-4A4C-998E-5C2697FD01E9}"
EndProject
Project("{FAE04EC0-301F-11D3-BF4B-00C04F79EFBC}") = "Tyuiu.TsvetkovRA.Sprint5.Task2.V25.Lib", "Tyuiu.TsvetkovRA.Sprint5.Task2.V25.Lib\Tyuiu.TsvetkovRA.Sprint5.Task2.V25.Lib.csproj", "{8E64EEAB-28BD-4E10-9C95-1FFF22234253}"
EndProject
Project("{2150E333-8FDC-42A3-9474-1A3956D46DE8}") = "Task3", "Task3", "{8BC6881D-6CA8-42F8-AF9A-98F8FF7768B5}"
EndProject
Project("{FAE04EC0-301F-11D3-BF4B-00C04F79EFBC}") = "Tyuiu.TsvetkovRA.Sprint5.Task3.V21", "Tyuiu.TsvetkovRA.Sprint5.Task3.V21\Tyuiu.TsvetkovRA.Sprint5.Task3.V21.csproj", "{41984CDE-6C6A-411D-9B80-F220E16A84CC}"
EndProject
Project("{FAE04EC0-301F-11D3-BF4B-00C04F79EFBC}") = "Tyuiu.TsvetkovRA.Sprint5.Task3.V21.Lib", "Tyuiu.TsvetkovRA.Sprint5.Task3.V21.Lib\Tyuiu.TsvetkovRA.Sprint5.Task3.V21.Lib.csproj", "{651448B8-2AB1-44D7-A262-B3AF23764256}"
EndProject
Project("{FAE04EC0-301F-11D3-BF4B-00C04F79EFBC}") = "Tyuiu.TsvetkovRA.Sprint5.Task3.V21.Test", "Tyuiu.TsvetkovRA.Sprint5.Task3.V21.Test\Tyuiu.TsvetkovRA.Sprint5.Task3.V21.Test.csproj", "{C9CA806F-660F-4908-9505-4B2CF911498E}"
EndProject
Project("{2150E333-8FDC-42A3-9474-1A3956D46DE8}") = "Task4", "Task4", "{A245A480-8DC1-4C2E-BE81-C9D5A4FD51EB}"
EndProject
Project("{FAE04EC0-301F-11D3-BF4B-00C04F79EFBC}") = "Tyuiu.TsvetkovRA.Sprint5.Task4.V27", "Tyuiu.TsvetkovRA.Sprint5.Task4.V27\Tyuiu.TsvetkovRA.Sprint5.Task4.V27.csproj", "{7320779C-29DA-45F6-A122-EB494956A77D}"
EndProject
Project("{FAE04EC0-301F-11D3-BF4B-00C04F79EFBC}") = "Tyuiu.TsvetkovRA.Sprint5.Task4.V27.Test", "Tyuiu.TsvetkovRA.Sprint5.Task4.V27.Test\Tyuiu.TsvetkovRA.Sprint5.Task4.V27.Test.csproj", "{DAA88943-B80D-49A3-9E35-EBD6DA38716A}"
EndProject
Project("{FAE04EC0-301F-11D3-BF4B-00C04F79EFBC}") = "Tyuiu.TsvetkovRA.Sprint5.Task4.V27.Lib", "Tyuiu.TsvetkovRA.Sprint5.Task4.V27.Lib\Tyuiu.TsvetkovRA.Sprint5.Task4.V27.Lib.csproj", "{74DE61AC-7F49-4C93-905E-461C579F050C}"
EndProject
Global
	GlobalSection(SolutionConfigurationPlatforms) = preSolution
		Debug|Any CPU = Debug|Any CPU
		Release|Any CPU = Release|Any CPU
	EndGlobalSection
	GlobalSection(ProjectConfigurationPlatforms) = postSolution
		{E37F8527-80F8-4FAE-BFC0-BFA48924DBB8}.Debug|Any CPU.ActiveCfg = Debug|Any CPU
		{E37F8527-80F8-4FAE-BFC0-BFA48924DBB8}.Debug|Any CPU.Build.0 = Debug|Any CPU
		{E37F8527-80F8-4FAE-BFC0-BFA48924DBB8}.Release|Any CPU.ActiveCfg = Release|Any CPU
		{E37F8527-80F8-4FAE-BFC0-BFA48924DBB8}.Release|Any CPU.Build.0 = Release|Any CPU
		{05597C7F-A071-45D1-B235-CC8A0A4A8B5C}.Debug|Any CPU.ActiveCfg = Debug|Any CPU
		{05597C7F-A071-45D1-B235-CC8A0A4A8B5C}.Debug|Any CPU.Build.0 = Debug|Any CPU
		{05597C7F-A071-45D1-B235-CC8A0A4A8B5C}.Release|Any CPU.ActiveCfg = Release|Any CPU
		{05597C7F-A071-45D1-B235-CC8A0A4A8B5C}.Release|Any CPU.Build.0 = Release|Any CPU
		{55084E53-0A9E-4D38-AE5D-01B1373EAA12}.Debug|Any CPU.ActiveCfg = Debug|Any CPU
		{55084E53-0A9E-4D38-AE5D-01B1373EAA12}.Debug|Any CPU.Build.0 = Debug|Any CPU
		{55084E53-0A9E-4D38-AE5D-01B1373EAA12}.Release|Any CPU.ActiveCfg = Release|Any CPU
		{55084E53-0A9E-4D38-AE5D-01B1373EAA12}.Release|Any CPU.Build.0 = Release|Any CPU
		{C28B43AD-A9DE-424F-812C-8A3061CD8055}.Debug|Any CPU.ActiveCfg = Debug|Any CPU
		{C28B43AD-A9DE-424F-812C-8A3061CD8055}.Debug|Any CPU.Build.0 = Debug|Any CPU
		{C28B43AD-A9DE-424F-812C-8A3061CD8055}.Release|Any CPU.ActiveCfg = Release|Any CPU
		{C28B43AD-A9DE-424F-812C-8A3061CD8055}.Release|Any CPU.Build.0 = Release|Any CPU
		{3109F5CF-989C-48DD-A89C-C7989D277F20}.Debug|Any CPU.ActiveCfg = Debug|Any CPU
		{3109F5CF-989C-48DD-A89C-C7989D277F20}.Debug|Any CPU.Build.0 = Debug|Any CPU
		{3109F5CF-989C-48DD-A89C-C7989D277F20}.Release|Any CPU.ActiveCfg = Release|Any CPU
		{3109F5CF-989C-48DD-A89C-C7989D277F20}.Release|Any CPU.Build.0 = Release|Any CPU
		{B6350494-7E62-4F17-89BE-5964F5F4652F}.Debug|Any CPU.ActiveCfg = Debug|Any CPU
		{B6350494-7E62-4F17-89BE-5964F5F4652F}.Debug|Any CPU.Build.0 = Debug|Any CPU
		{B6350494-7E62-4F17-89BE-5964F5F4652F}.Release|Any CPU.ActiveCfg = Release|Any CPU
		{B6350494-7E62-4F17-89BE-5964F5F4652F}.Release|Any CPU.Build.0 = Release|Any CPU
		{9AD72DCF-6096-4CC2-B724-602435859A55}.Debug|Any CPU.ActiveCfg = Debug|Any CPU
		{9AD72DCF-6096-4CC2-B724-602435859A55}.Debug|Any CPU.Build.0 = Debug|Any CPU
		{9AD72DCF-6096-4CC2-B724-602435859A55}.Release|Any CPU.ActiveCfg = Release|Any CPU
		{9AD72DCF-6096-4CC2-B724-602435859A55}.Release|Any CPU.Build.0 = Release|Any CPU
		{173D375E-EDC9-4A4C-998E-5C2697FD01E9}.Debug|Any CPU.ActiveCfg = Debug|Any CPU
		{173D375E-EDC9-4A4C-998E-5C2697FD01E9}.Debug|Any CPU.Build.0 = Debug|Any CPU
		{173D375E-EDC9-4A4C-998E-5C2697FD01E9}.Release|Any CPU.ActiveCfg = Release|Any CPU
		{173D375E-EDC9-4A4C-998E-5C2697FD01E9}.Release|Any CPU.Build.0 = Release|Any CPU
		{8E64EEAB-28BD-4E10-9C95-1FFF22234253}.Debug|Any CPU.ActiveCfg = Debug|Any CPU
		{8E64EEAB-28BD-4E10-9C95-1FFF22234253}.Debug|Any CPU.Build.0 = Debug|Any CPU
		{8E64EEAB-28BD-4E10-9C95-1FFF22234253}.Release|Any CPU.ActiveCfg = Release|Any CPU
		{8E64EEAB-28BD-4E10-9C95-1FFF22234253}.Release|Any CPU.Build.0 = Release|Any CPU
		{41984CDE-6C6A-411D-9B80-F220E16A84CC}.Debug|Any CPU.ActiveCfg = Debug|Any CPU
		{41984CDE-6C6A-411D-9B80-F220E16A84CC}.Debug|Any CPU.Build.0 = Debug|Any CPU
		{41984CDE-6C6A-411D-9B80-F220E16A84CC}.Release|Any CPU.ActiveCfg = Release|Any CPU
		{41984CDE-6C6A-411D-9B80-F220E16A84CC}.Release|Any CPU.Build.0 = Release|Any CPU
		{651448B8-2AB1-44D7-A262-B3AF23764256}.Debug|Any CPU.ActiveCfg = Debug|Any CPU
		{651448B8-2AB1-44D7-A262-B3AF23764256}.Debug|Any CPU.Build.0 = Debug|Any CPU
		{651448B8-2AB1-44D7-A262-B3AF23764256}.Release|Any CPU.ActiveCfg = Release|Any CPU
		{651448B8-2AB1-44D7-A262-B3AF23764256}.Release|Any CPU.Build.0 = Release|Any CPU
		{C9CA806F-660F-4908-9505-4B2CF911498E}.Debug|Any CPU.ActiveCfg = Debug|Any CPU
		{C9CA806F-660F-4908-9505-4B2CF911498E}.Debug|Any CPU.Build.0 = Debug|Any CPU
		{C9CA806F-660F-4908-9505-4B2CF911498E}.Release|Any CPU.ActiveCfg = Release|Any CPU
		{C9CA806F-660F-4908-9505-4B2CF911498E}.Release|Any CPU.Build.0 = Release|Any CPU
		{7320779C-29DA-45F6-A122-EB494956A77D}.Debug|Any CPU.ActiveCfg = Debug|Any CPU
		{7320779C-29DA-45F6-A122-EB494956A77D}.Debug|Any CPU.Build.0 = Debug|Any CPU
		{7320779C-29DA-45F6-A122-EB494956A77D}.Release|Any CPU.ActiveCfg = Release|Any CPU
		{7320779C-29DA-45F6-A122-EB494956A77D}.Release|Any CPU.Build.0 = Release|Any CPU
		{DAA88943-B80D-49A3-9E35-EBD6DA38716A}.Debug|Any CPU.ActiveCfg = Debug|Any CPU
		{DAA88943-B80D-49A3-9E35-EBD6DA38716A}.Debug|Any CPU.Build.0 = Debug|Any CPU
		{DAA88943-B80D-49A3-9E35-EBD6DA38716A}.Release|Any CPU.ActiveCfg = Release|Any CPU
		{DAA88943-B80D-49A3-9E35-EBD6DA38716A}.Release|Any CPU.Build.0 = Release|Any CPU
		{74DE61AC-7F49-4C93-905E-461C579F050C}.Debug|Any CPU.ActiveCfg = Debug|Any CPU
		{74DE61AC-7F49-4C93-905E-461C579F050C}.Debug|Any CPU.Build.0 = Debug|Any CPU
		{74DE61AC-7F49-4C93-905E-461C579F050C}.Release|Any CPU.ActiveCfg = Release|Any CPU
		{74DE61AC-7F49-4C93-905E-461C579F050C}.Release|Any CPU.Build.0 = Release|Any CPU
	EndGlobalSection
	GlobalSection(SolutionProperties) = preSolution
		HideSolutionNode = FALSE
	EndGlobalSection
	GlobalSection(NestedProjects) = preSolution
		{E37F8527-80F8-4FAE-BFC0-BFA48924DBB8} = {36D591C7-65C7-A0D1-1CBC-10CDE441BDC8}
		{05597C7F-A071-45D1-B235-CC8A0A4A8B5C} = {36D591C7-65C7-A0D1-1CBC-10CDE441BDC8}
		{55084E53-0A9E-4D38-AE5D-01B1373EAA12} = {36D591C7-65C7-A0D1-1CBC-10CDE441BDC8}
		{C28B43AD-A9DE-424F-812C-8A3061CD8055} = {72E25D90-FB47-460B-8EA6-D0AB4FE2FAD4}
		{3109F5CF-989C-48DD-A89C-C7989D277F20} = {72E25D90-FB47-460B-8EA6-D0AB4FE2FAD4}
		{B6350494-7E62-4F17-89BE-5964F5F4652F} = {72E25D90-FB47-460B-8EA6-D0AB4FE2FAD4}
		{9AD72DCF-6096-4CC2-B724-602435859A55} = {8FC180A4-8F2A-485F-B2FA-F768A96A6FCD}
		{173D375E-EDC9-4A4C-998E-5C2697FD01E9} = {8FC180A4-8F2A-485F-B2FA-F768A96A6FCD}
		{8E64EEAB-28BD-4E10-9C95-1FFF22234253} = {8FC180A4-8F2A-485F-B2FA-F768A96A6FCD}
		{41984CDE-6C6A-411D-9B80-F220E16A84CC} = {8BC6881D-6CA8-42F8-AF9A-98F8FF7768B5}
		{651448B8-2AB1-44D7-A262-B3AF23764256} = {8BC6881D-6CA8-42F8-AF9A-98F8FF7768B5}
		{C9CA806F-660F-4908-9505-4B2CF911498E} = {8BC6881D-6CA8-42F8-AF9A-98F8FF7768B5}
		{7320779C-29DA-45F6-A122-EB494956A77D} = {A245A480-8DC1-4C2E-BE81-C9D5A4FD51EB}
		{DAA88943-B80D-49A3-9E35-EBD6DA38716A} = {A245A480-8DC1-4C2E-BE81-C9D5A4FD51EB}
		{74DE61AC-7F49-4C93-905E-461C579F050C} = {A245A480-8DC1-4C2E-BE81-C9D5A4FD51EB}
	EndGlobalSection
	GlobalSection(ExtensibilityGlobals) = postSolution
		SolutionGuid = {B6206A03-A518-4068-B95E-9D554B769B6A}
	EndGlobalSection
EndGlobal
